// !$*UTF8*$!
{
	archiveVersion = 1;
	classes = {
	};
	objectVersion = 46;
	objects = {

/* Begin PBXBuildFile section */
		04F045D91B5EA05F00A6AAA8 /* main.m in Sources */ = {isa = PBXBuildFile; fileRef = 04F045D81B5EA05F00A6AAA8 /* main.m */; };
		04F045DC1B5EA05F00A6AAA8 /* AppDelegate.m in Sources */ = {isa = PBXBuildFile; fileRef = 04F045DB1B5EA05F00A6AAA8 /* AppDelegate.m */; };
		04F045DF1B5EA05F00A6AAA8 /* Carjump.xcdatamodeld in Sources */ = {isa = PBXBuildFile; fileRef = 04F045DD1B5EA05F00A6AAA8 /* Carjump.xcdatamodeld */; };
		04F045E21B5EA05F00A6AAA8 /* ViewController.m in Sources */ = {isa = PBXBuildFile; fileRef = 04F045E11B5EA05F00A6AAA8 /* ViewController.m */; };
		04F045E51B5EA05F00A6AAA8 /* Main.storyboard in Resources */ = {isa = PBXBuildFile; fileRef = 04F045E31B5EA05F00A6AAA8 /* Main.storyboard */; };
		04F045E71B5EA05F00A6AAA8 /* Images.xcassets in Resources */ = {isa = PBXBuildFile; fileRef = 04F045E61B5EA05F00A6AAA8 /* Images.xcassets */; };
		04F045EA1B5EA05F00A6AAA8 /* LaunchScreen.xib in Resources */ = {isa = PBXBuildFile; fileRef = 04F045E81B5EA05F00A6AAA8 /* LaunchScreen.xib */; };
		04F045F61B5EA05F00A6AAA8 /* CarjumpTests.m in Sources */ = {isa = PBXBuildFile; fileRef = 04F045F51B5EA05F00A6AAA8 /* CarjumpTests.m */; };
		04F046001B5EA91000A6AAA8 /* MapKit.framework in Frameworks */ = {isa = PBXBuildFile; fileRef = 04F045FF1B5EA91000A6AAA8 /* MapKit.framework */; };
		04F046061B5EBF7900A6AAA8 /* MKMapView+ZoomLevel.m in Sources */ = {isa = PBXBuildFile; fileRef = 04F046051B5EBF7900A6AAA8 /* MKMapView+ZoomLevel.m */; };
		04F0461F1B6024A800A6AAA8 /* CustomAnnotation.m in Sources */ = {isa = PBXBuildFile; fileRef = 04F0461E1B6024A800A6AAA8 /* CustomAnnotation.m */; };
		3FF3ACE72FD1C3F5FD3C08A7 /* libPods.a in Frameworks */ = {isa = PBXBuildFile; fileRef = FA122823248E51F503CFB6E9 /* libPods.a */; };
/* End PBXBuildFile section */

/* Begin PBXContainerItemProxy section */
		04F045F01B5EA05F00A6AAA8 /* PBXContainerItemProxy */ = {
			isa = PBXContainerItemProxy;
			containerPortal = 04F045CB1B5EA05F00A6AAA8 /* Project object */;
			proxyType = 1;
			remoteGlobalIDString = 04F045D21B5EA05F00A6AAA8;
			remoteInfo = Carjump;
		};
/* End PBXContainerItemProxy section */

/* Begin PBXFileReference section */
		040B6ABA773B74D39CC281DE /* Pods.release.xcconfig */ = {isa = PBXFileReference; includeInIndex = 1; lastKnownFileType = text.xcconfig; name = Pods.release.xcconfig; path = "Pods/Target Support Files/Pods/Pods.release.xcconfig"; sourceTree = "<group>"; };
		04F045D31B5EA05F00A6AAA8 /* Carjump.app */ = {isa = PBXFileReference; explicitFileType = wrapper.application; includeInIndex = 0; path = Carjump.app; sourceTree = BUILT_PRODUCTS_DIR; };
		04F045D71B5EA05F00A6AAA8 /* Info.plist */ = {isa = PBXFileReference; lastKnownFileType = text.plist.xml; path = Info.plist; sourceTree = "<group>"; };
		04F045D81B5EA05F00A6AAA8 /* main.m */ = {isa = PBXFileReference; lastKnownFileType = sourcecode.c.objc; path = main.m; sourceTree = "<group>"; };
		04F045DA1B5EA05F00A6AAA8 /* AppDelegate.h */ = {isa = PBXFileReference; lastKnownFileType = sourcecode.c.h; path = AppDelegate.h; sourceTree = "<group>"; };
		04F045DB1B5EA05F00A6AAA8 /* AppDelegate.m */ = {isa = PBXFileReference; lastKnownFileType = sourcecode.c.objc; path = AppDelegate.m; sourceTree = "<group>"; };
		04F045DE1B5EA05F00A6AAA8 /* Carjump.xcdatamodel */ = {isa = PBXFileReference; lastKnownFileType = wrapper.xcdatamodel; path = Carjump.xcdatamodel; sourceTree = "<group>"; };
		04F045E01B5EA05F00A6AAA8 /* ViewController.h */ = {isa = PBXFileReference; lastKnownFileType = sourcecode.c.h; path = ViewController.h; sourceTree = "<group>"; };
		04F045E11B5EA05F00A6AAA8 /* ViewController.m */ = {isa = PBXFileReference; lastKnownFileType = sourcecode.c.objc; path = ViewController.m; sourceTree = "<group>"; };
		04F045E41B5EA05F00A6AAA8 /* Base */ = {isa = PBXFileReference; lastKnownFileType = file.storyboard; name = Base; path = Base.lproj/Main.storyboard; sourceTree = "<group>"; };
		04F045E61B5EA05F00A6AAA8 /* Images.xcassets */ = {isa = PBXFileReference; lastKnownFileType = folder.assetcatalog; path = Images.xcassets; sourceTree = "<group>"; };
		04F045E91B5EA05F00A6AAA8 /* Base */ = {isa = PBXFileReference; lastKnownFileType = file.xib; name = Base; path = Base.lproj/LaunchScreen.xib; sourceTree = "<group>"; };
		04F045EF1B5EA05F00A6AAA8 /* CarjumpTests.xctest */ = {isa = PBXFileReference; explicitFileType = wrapper.cfbundle; includeInIndex = 0; path = CarjumpTests.xctest; sourceTree = BUILT_PRODUCTS_DIR; };
		04F045F41B5EA05F00A6AAA8 /* Info.plist */ = {isa = PBXFileReference; lastKnownFileType = text.plist.xml; path = Info.plist; sourceTree = "<group>"; };
		04F045F51B5EA05F00A6AAA8 /* CarjumpTests.m */ = {isa = PBXFileReference; lastKnownFileType = sourcecode.c.objc; path = CarjumpTests.m; sourceTree = "<group>"; };
		04F045FF1B5EA91000A6AAA8 /* MapKit.framework */ = {isa = PBXFileReference; lastKnownFileType = wrapper.framework; name = MapKit.framework; path = System/Library/Frameworks/MapKit.framework; sourceTree = SDKROOT; };
		04F046041B5EBF7900A6AAA8 /* MKMapView+ZoomLevel.h */ = {isa = PBXFileReference; fileEncoding = 4; lastKnownFileType = sourcecode.c.h; path = "MKMapView+ZoomLevel.h"; sourceTree = "<group>"; };
		04F046051B5EBF7900A6AAA8 /* MKMapView+ZoomLevel.m */ = {isa = PBXFileReference; fileEncoding = 4; lastKnownFileType = sourcecode.c.objc; path = "MKMapView+ZoomLevel.m"; sourceTree = "<group>"; };
		04F0461D1B6024A800A6AAA8 /* CustomAnnotation.h */ = {isa = PBXFileReference; fileEncoding = 4; lastKnownFileType = sourcecode.c.h; path = CustomAnnotation.h; sourceTree = "<group>"; };
		04F0461E1B6024A800A6AAA8 /* CustomAnnotation.m */ = {isa = PBXFileReference; fileEncoding = 4; lastKnownFileType = sourcecode.c.objc; path = CustomAnnotation.m; sourceTree = "<group>"; };
		106D36D0617F5A417E0B7711 /* Pods.debug.xcconfig */ = {isa = PBXFileReference; includeInIndex = 1; lastKnownFileType = text.xcconfig; name = Pods.debug.xcconfig; path = "Pods/Target Support Files/Pods/Pods.debug.xcconfig"; sourceTree = "<group>"; };
		FA122823248E51F503CFB6E9 /* libPods.a */ = {isa = PBXFileReference; explicitFileType = archive.ar; includeInIndex = 0; path = libPods.a; sourceTree = BUILT_PRODUCTS_DIR; };
/* End PBXFileReference section */

/* Begin PBXFrameworksBuildPhase section */
		04F045D01B5EA05F00A6AAA8 /* Frameworks */ = {
			isa = PBXFrameworksBuildPhase;
			buildActionMask = 2147483647;
			files = (
				04F046001B5EA91000A6AAA8 /* MapKit.framework in Frameworks */,
				3FF3ACE72FD1C3F5FD3C08A7 /* libPods.a in Frameworks */,
			);
			runOnlyForDeploymentPostprocessing = 0;
		};
		04F045EC1B5EA05F00A6AAA8 /* Frameworks */ = {
			isa = PBXFrameworksBuildPhase;
			buildActionMask = 2147483647;
			files = (
			);
			runOnlyForDeploymentPostprocessing = 0;
		};
/* End PBXFrameworksBuildPhase section */

/* Begin PBXGroup section */
		04F045CA1B5EA05F00A6AAA8 = {
			isa = PBXGroup;
			children = (
				04F045FF1B5EA91000A6AAA8 /* MapKit.framework */,
				04F045D51B5EA05F00A6AAA8 /* Carjump */,
				04F045F21B5EA05F00A6AAA8 /* CarjumpTests */,
				04F045D41B5EA05F00A6AAA8 /* Products */,
				519932E38F9899BD0D98AAF4 /* Pods */,
				62EFD632B68B7191A9A89F02 /* Frameworks */,
			);
			sourceTree = "<group>";
		};
		04F045D41B5EA05F00A6AAA8 /* Products */ = {
			isa = PBXGroup;
			children = (
				04F045D31B5EA05F00A6AAA8 /* Carjump.app */,
				04F045EF1B5EA05F00A6AAA8 /* CarjumpTests.xctest */,
			);
			name = Products;
			sourceTree = "<group>";
		};
		04F045D51B5EA05F00A6AAA8 /* Carjump */ = {
			isa = PBXGroup;
			children = (
				04F045DA1B5EA05F00A6AAA8 /* AppDelegate.h */,
				04F045DB1B5EA05F00A6AAA8 /* AppDelegate.m */,
				04F045E01B5EA05F00A6AAA8 /* ViewController.h */,
				04F045E11B5EA05F00A6AAA8 /* ViewController.m */,
				04F045E31B5EA05F00A6AAA8 /* Main.storyboard */,
				04F045E61B5EA05F00A6AAA8 /* Images.xcassets */,
				04F045E81B5EA05F00A6AAA8 /* LaunchScreen.xib */,
				04F045DD1B5EA05F00A6AAA8 /* Carjump.xcdatamodeld */,
				04F045D61B5EA05F00A6AAA8 /* Supporting Files */,
				04F046041B5EBF7900A6AAA8 /* MKMapView+ZoomLevel.h */,
				04F046051B5EBF7900A6AAA8 /* MKMapView+ZoomLevel.m */,
				04F0461D1B6024A800A6AAA8 /* CustomAnnotation.h */,
				04F0461E1B6024A800A6AAA8 /* CustomAnnotation.m */,
			);
			path = Carjump;
			sourceTree = "<group>";
		};
		04F045D61B5EA05F00A6AAA8 /* Supporting Files */ = {
			isa = PBXGroup;
			children = (
				04F045D71B5EA05F00A6AAA8 /* Info.plist */,
				04F045D81B5EA05F00A6AAA8 /* main.m */,
			);
			name = "Supporting Files";
			sourceTree = "<group>";
		};
		04F045F21B5EA05F00A6AAA8 /* CarjumpTests */ = {
			isa = PBXGroup;
			children = (
				04F045F51B5EA05F00A6AAA8 /* CarjumpTests.m */,
				04F045F31B5EA05F00A6AAA8 /* Supporting Files */,
			);
			path = CarjumpTests;
			sourceTree = "<group>";
		};
		04F045F31B5EA05F00A6AAA8 /* Supporting Files */ = {
			isa = PBXGroup;
			children = (
				04F045F41B5EA05F00A6AAA8 /* Info.plist */,
			);
			name = "Supporting Files";
			sourceTree = "<group>";
		};
		519932E38F9899BD0D98AAF4 /* Pods */ = {
			isa = PBXGroup;
			children = (
				106D36D0617F5A417E0B7711 /* Pods.debug.xcconfig */,
				040B6ABA773B74D39CC281DE /* Pods.release.xcconfig */,
			);
			name = Pods;
			sourceTree = "<group>";
		};
		62EFD632B68B7191A9A89F02 /* Frameworks */ = {
			isa = PBXGroup;
			children = (
				FA122823248E51F503CFB6E9 /* libPods.a */,
			);
			name = Frameworks;
			sourceTree = "<group>";
		};
/* End PBXGroup section */

/* Begin PBXNativeTarget section */
		04F045D21B5EA05F00A6AAA8 /* Carjump */ = {
			isa = PBXNativeTarget;
			buildConfigurationList = 04F045F91B5EA05F00A6AAA8 /* Build configuration list for PBXNativeTarget "Carjump" */;
			buildPhases = (
				7A6AE8A46349B177684C7506 /* Check Pods Manifest.lock */,
				04F045CF1B5EA05F00A6AAA8 /* Sources */,
				04F045D01B5EA05F00A6AAA8 /* Frameworks */,
				04F045D11B5EA05F00A6AAA8 /* Resources */,
				EAFE9F8667B75BBCF5B2783C /* Copy Pods Resources */,
			);
			buildRules = (
			);
			dependencies = (
			);
			name = Carjump;
			productName = Carjump;
			productReference = 04F045D31B5EA05F00A6AAA8 /* Carjump.app */;
			productType = "com.apple.product-type.application";
		};
		04F045EE1B5EA05F00A6AAA8 /* CarjumpTests */ = {
			isa = PBXNativeTarget;
			buildConfigurationList = 04F045FC1B5EA05F00A6AAA8 /* Build configuration list for PBXNativeTarget "CarjumpTests" */;
			buildPhases = (
				04F045EB1B5EA05F00A6AAA8 /* Sources */,
				04F045EC1B5EA05F00A6AAA8 /* Frameworks */,
				04F045ED1B5EA05F00A6AAA8 /* Resources */,
			);
			buildRules = (
			);
			dependencies = (
				04F045F11B5EA05F00A6AAA8 /* PBXTargetDependency */,
			);
			name = CarjumpTests;
			productName = CarjumpTests;
			productReference = 04F045EF1B5EA05F00A6AAA8 /* CarjumpTests.xctest */;
			productType = "com.apple.product-type.bundle.unit-test";
		};
/* End PBXNativeTarget section */

/* Begin PBXProject section */
		04F045CB1B5EA05F00A6AAA8 /* Project object */ = {
			isa = PBXProject;
			attributes = {
				LastUpgradeCheck = 0640;
				ORGANIZATIONNAME = "Luis Gómez";
				TargetAttributes = {
					04F045D21B5EA05F00A6AAA8 = {
						CreatedOnToolsVersion = 6.4;
					};
					04F045EE1B5EA05F00A6AAA8 = {
						CreatedOnToolsVersion = 6.4;
						TestTargetID = 04F045D21B5EA05F00A6AAA8;
					};
				};
			};
			buildConfigurationList = 04F045CE1B5EA05F00A6AAA8 /* Build configuration list for PBXProject "Carjump" */;
			compatibilityVersion = "Xcode 3.2";
			developmentRegion = English;
			hasScannedForEncodings = 0;
			knownRegions = (
				en,
				Base,
			);
			mainGroup = 04F045CA1B5EA05F00A6AAA8;
			productRefGroup = 04F045D41B5EA05F00A6AAA8 /* Products */;
			projectDirPath = "";
			projectRoot = "";
			targets = (
				04F045D21B5EA05F00A6AAA8 /* Carjump */,
				04F045EE1B5EA05F00A6AAA8 /* CarjumpTests */,
			);
		};
/* End PBXProject section */

/* Begin PBXResourcesBuildPhase section */
		04F045D11B5EA05F00A6AAA8 /* Resources */ = {
			isa = PBXResourcesBuildPhase;
			buildActionMask = 2147483647;
			files = (
				04F045E51B5EA05F00A6AAA8 /* Main.storyboard in Resources */,
				04F045EA1B5EA05F00A6AAA8 /* LaunchScreen.xib in Resources */,
				04F045E71B5EA05F00A6AAA8 /* Images.xcassets in Resources */,
			);
			runOnlyForDeploymentPostprocessing = 0;
		};
		04F045ED1B5EA05F00A6AAA8 /* Resources */ = {
			isa = PBXResourcesBuildPhase;
			buildActionMask = 2147483647;
			files = (
			);
			runOnlyForDeploymentPostprocessing = 0;
		};
/* End PBXResourcesBuildPhase section */

/* Begin PBXShellScriptBuildPhase section */
		7A6AE8A46349B177684C7506 /* Check Pods Manifest.lock */ = {
			isa = PBXShellScriptBuildPhase;
			buildActionMask = 2147483647;
			files = (
			);
			inputPaths = (
			);
			name = "Check Pods Manifest.lock";
			outputPaths = (
			);
			runOnlyForDeploymentPostprocessing = 0;
			shellPath = /bin/sh;
			shellScript = "diff \"${PODS_ROOT}/../Podfile.lock\" \"${PODS_ROOT}/Manifest.lock\" > /dev/null\nif [[ $? != 0 ]] ; then\n    cat << EOM\nerror: The sandbox is not in sync with the Podfile.lock. Run 'pod install' or update your CocoaPods installation.\nEOM\n    exit 1\nfi\n";
			showEnvVarsInLog = 0;
		};
		EAFE9F8667B75BBCF5B2783C /* Copy Pods Resources */ = {
			isa = PBXShellScriptBuildPhase;
			buildActionMask = 2147483647;
			files = (
			);
			inputPaths = (
			);
			name = "Copy Pods Resources";
			outputPaths = (
			);
			runOnlyForDeploymentPostprocessing = 0;
			shellPath = /bin/sh;
			shellScript = "\"${SRCROOT}/Pods/Target Support Files/Pods/Pods-resources.sh\"\n";
			showEnvVarsInLog = 0;
		};
/* End PBXShellScriptBuildPhase section */

/* Begin PBXSourcesBuildPhase section */
		04F045CF1B5EA05F00A6AAA8 /* Sources */ = {
			isa = PBXSourcesBuildPhase;
			buildActionMask = 2147483647;
			files = (
				04F046061B5EBF7900A6AAA8 /* MKMapView+ZoomLevel.m in Sources */,
				04F045DC1B5EA05F00A6AAA8 /* AppDelegate.m in Sources */,
				04F045D91B5EA05F00A6AAA8 /* main.m in Sources */,
				04F0461F1B6024A800A6AAA8 /* CustomAnnotation.m in Sources */,
				04F045E21B5EA05F00A6AAA8 /* ViewController.m in Sources */,
				04F045DF1B5EA05F00A6AAA8 /* Carjump.xcdatamodeld in Sources */,
			);
			runOnlyForDeploymentPostprocessing = 0;
		};
		04F045EB1B5EA05F00A6AAA8 /* Sources */ = {
			isa = PBXSourcesBuildPhase;
			buildActionMask = 2147483647;
			files = (
				04F045F61B5EA05F00A6AAA8 /* CarjumpTests.m in Sources */,
			);
			runOnlyForDeploymentPostprocessing = 0;
		};
/* End PBXSourcesBuildPhase section */

/* Begin PBXTargetDependency section */
		04F045F11B5EA05F00A6AAA8 /* PBXTargetDependency */ = {
			isa = PBXTargetDependency;
			target = 04F045D21B5EA05F00A6AAA8 /* Carjump */;
			targetProxy = 04F045F01B5EA05F00A6AAA8 /* PBXContainerItemProxy */;
		};
/* End PBXTargetDependency section */

/* Begin PBXVariantGroup section */
		04F045E31B5EA05F00A6AAA8 /* Main.storyboard */ = {
			isa = PBXVariantGroup;
			children = (
				04F045E41B5EA05F00A6AAA8 /* Base */,
			);
			name = Main.storyboard;
			sourceTree = "<group>";
		};
		04F045E81B5EA05F00A6AAA8 /* LaunchScreen.xib */ = {
			isa = PBXVariantGroup;
			children = (
				04F045E91B5EA05F00A6AAA8 /* Base */,
			);
			name = LaunchScreen.xib;
			sourceTree = "<group>";
		};
/* End PBXVariantGroup section */

/* Begin XCBuildConfiguration section */
		04F045F71B5EA05F00A6AAA8 /* Debug */ = {
			isa = XCBuildConfiguration;
			buildSettings = {
				ALWAYS_SEARCH_USER_PATHS = NO;
				CLANG_CXX_LANGUAGE_STANDARD = "gnu++0x";
				CLANG_CXX_LIBRARY = "libc++";
				CLANG_ENABLE_MODULES = YES;
				CLANG_ENABLE_OBJC_ARC = YES;
				CLANG_WARN_BOOL_CONVERSION = YES;
				CLANG_WARN_CONSTANT_CONVERSION = YES;
				CLANG_WARN_DIRECT_OBJC_ISA_USAGE = YES_ERROR;
				CLANG_WARN_EMPTY_BODY = YES;
				CLANG_WARN_ENUM_CONVERSION = YES;
				CLANG_WARN_INT_CONVERSION = YES;
				CLANG_WARN_OBJC_ROOT_CLASS = YES_ERROR;
				CLANG_WARN_UNREACHABLE_CODE = YES;
				CLANG_WARN__DUPLICATE_METHOD_MATCH = YES;
				"CODE_SIGN_IDENTITY[sdk=iphoneos*]" = "iPhone Developer";
				COPY_PHASE_STRIP = NO;
				DEBUG_INFORMATION_FORMAT = "dwarf-with-dsym";
				ENABLE_STRICT_OBJC_MSGSEND = YES;
				GCC_C_LANGUAGE_STANDARD = gnu99;
				GCC_DYNAMIC_NO_PIC = NO;
				GCC_NO_COMMON_BLOCKS = YES;
				GCC_OPTIMIZATION_LEVEL = 0;
				GCC_PREPROCESSOR_DEFINITIONS = (
					"DEBUG=1",
					"$(inherited)",
				);
				GCC_SYMBOLS_PRIVATE_EXTERN = NO;
				GCC_WARN_64_TO_32_BIT_CONVERSION = YES;
				GCC_WARN_ABOUT_RETURN_TYPE = YES_ERROR;
				GCC_WARN_UNDECLARED_SELECTOR = YES;
				GCC_WARN_UNINITIALIZED_AUTOS = YES_AGGRESSIVE;
				GCC_WARN_UNUSED_FUNCTION = YES;
				GCC_WARN_UNUSED_VARIABLE = YES;
				IPHONEOS_DEPLOYMENT_TARGET = 8.4;
				MTL_ENABLE_DEBUG_INFO = YES;
				ONLY_ACTIVE_ARCH = YES;
				SDKROOT = iphoneos;
				TARGETED_DEVICE_FAMILY = "1,2";
			};
			name = Debug;
		};
		04F045F81B5EA05F00A6AAA8 /* Release */ = {
			isa = XCBuildConfiguration;
			buildSettings = {
				ALWAYS_SEARCH_USER_PATHS = NO;
				CLANG_CXX_LANGUAGE_STANDARD = "gnu++0x";
				CLANG_CXX_LIBRARY = "libc++";
				CLANG_ENABLE_MODULES = YES;
				CLANG_ENABLE_OBJC_ARC = YES;
				CLANG_WARN_BOOL_CONVERSION = YES;
				CLANG_WARN_CONSTANT_CONVERSION = YES;
				CLANG_WARN_DIRECT_OBJC_ISA_USAGE = YES_ERROR;
				CLANG_WARN_EMPTY_BODY = YES;
				CLANG_WARN_ENUM_CONVERSION = YES;
				CLANG_WARN_INT_CONVERSION = YES;
				CLANG_WARN_OBJC_ROOT_CLASS = YES_ERROR;
				CLANG_WARN_UNREACHABLE_CODE = YES;
				CLANG_WARN__DUPLICATE_METHOD_MATCH = YES;
				"CODE_SIGN_IDENTITY[sdk=iphoneos*]" = "iPhone Developer";
				COPY_PHASE_STRIP = NO;
				DEBUG_INFORMATION_FORMAT = "dwarf-with-dsym";
				ENABLE_NS_ASSERTIONS = NO;
				ENABLE_STRICT_OBJC_MSGSEND = YES;
				GCC_C_LANGUAGE_STANDARD = gnu99;
				GCC_NO_COMMON_BLOCKS = YES;
				GCC_WARN_64_TO_32_BIT_CONVERSION = YES;
				GCC_WARN_ABOUT_RETURN_TYPE = YES_ERROR;
				GCC_WARN_UNDECLARED_SELECTOR = YES;
				GCC_WARN_UNINITIALIZED_AUTOS = YES_AGGRESSIVE;
				GCC_WARN_UNUSED_FUNCTION = YES;
				GCC_WARN_UNUSED_VARIABLE = YES;
				IPHONEOS_DEPLOYMENT_TARGET = 8.4;
				MTL_ENABLE_DEBUG_INFO = NO;
				SDKROOT = iphoneos;
				TARGETED_DEVICE_FAMILY = "1,2";
				VALIDATE_PRODUCT = YES;
			};
			name = Release;
		};
		04F045FA1B5EA05F00A6AAA8 /* Debug */ = {
			isa = XCBuildConfiguration;
			baseConfigurationReference = 106D36D0617F5A417E0B7711 /* Pods.debug.xcconfig */;
			buildSettings = {
				ASSETCATALOG_COMPILER_APPICON_NAME = AppIcon;
				INFOPLIST_FILE = Carjump/Info.plist;
				LD_RUNPATH_SEARCH_PATHS = "$(inherited) @executable_path/Frameworks";
				PRODUCT_NAME = "$(TARGET_NAME)";
			};
			name = Debug;
		};
		04F045FB1B5EA05F00A6AAA8 /* Release */ = {
			isa = XCBuildConfiguration;
			baseConfigurationReference = 040B6ABA773B74D39CC281DE /* Pods.release.xcconfig */;
			buildSettings = {
				ASSETCATALOG_COMPILER_APPICON_NAME = AppIcon;
				INFOPLIST_FILE = Carjump/Info.plist;
				LD_RUNPATH_SEARCH_PATHS = "$(inherited) @executable_path/Frameworks";
				PRODUCT_NAME = "$(TARGET_NAME)";
			};
			name = Release;
		};
		04F045FD1B5EA05F00A6AAA8 /* Debug */ = {
			isa = XCBuildConfiguration;
			buildSettings = {
				BUNDLE_LOADER = "$(TEST_HOST)";
				FRAMEWORK_SEARCH_PATHS = (
					"$(SDKROOT)/Developer/Library/Frameworks",
					"$(inherited)",
				);
				GCC_PREPROCESSOR_DEFINITIONS = (
					"DEBUG=1",
					"$(inherited)",
				);
				INFOPLIST_FILE = CarjumpTests/Info.plist;
				LD_RUNPATH_SEARCH_PATHS = "$(inherited) @executable_path/Frameworks @loader_path/Frameworks";
				PRODUCT_NAME = "$(TARGET_NAME)";
				TEST_HOST = "$(BUILT_PRODUCTS_DIR)/Carjump.app/Carjump";
			};
			name = Debug;
		};
		04F045FE1B5EA05F00A6AAA8 /* Release */ = {
			isa = XCBuildConfiguration;
			buildSettings = {
				BUNDLE_LOADER = "$(TEST_HOST)";
				FRAMEWORK_SEARCH_PATHS = (
					"$(SDKROOT)/Developer/Library/Frameworks",
					"$(inherited)",
				);
				INFOPLIST_FILE = CarjumpTests/Info.plist;
				LD_RUNPATH_SEARCH_PATHS = "$(inherited) @executable_path/Frameworks @loader_path/Frameworks";
				PRODUCT_NAME = "$(TARGET_NAME)";
				TEST_HOST = "$(BUILT_PRODUCTS_DIR)/Carjump.app/Carjump";
			};
			name = Release;
		};
/* End XCBuildConfiguration section */

/* Begin XCConfigurationList section */
		04F045CE1B5EA05F00A6AAA8 /* Build configuration list for PBXProject "Carjump" */ = {
			isa = XCConfigurationList;
			buildConfigurations = (
				04F045F71B5EA05F00A6AAA8 /* Debug */,
				04F045F81B5EA05F00A6AAA8 /* Release */,
			);
			defaultConfigurationIsVisible = 0;
			defaultConfigurationName = Release;
		};
		04F045F91B5EA05F00A6AAA8 /* Build configuration list for PBXNativeTarget "Carjump" */ = {
			isa = XCConfigurationList;
			buildConfigurations = (
				04F045FA1B5EA05F00A6AAA8 /* Debug */,
				04F045FB1B5EA05F00A6AAA8 /* Release */,
			);
			defaultConfigurationIsVisible = 0;
			defaultConfigurationName = Release;
		};
		04F045FC1B5EA05F00A6AAA8 /* Build configuration list for PBXNativeTarget "CarjumpTests" */ = {
			isa = XCConfigurationList;
			buildConfigurations = (
				04F045FD1B5EA05F00A6AAA8 /* Debug */,
				04F045FE1B5EA05F00A6AAA8 /* Release */,
			);
			defaultConfigurationIsVisible = 0;
			defaultConfigurationName = Release;
		};
/* End XCConfigurationList section */

/* Begin XCVersionGroup section */
		04F045DD1B5EA05F00A6AAA8 /* Carjump.xcdatamodeld */ = {
			isa = XCVersionGroup;
			children = (
				04F045DE1B5EA05F00A6AAA8 /* Carjump.xcdatamodel */,
			);
			currentVersion = 04F045DE1B5EA05F00A6AAA8 /* Carjump.xcdatamodel */;
			path = Carjump.xcdatamodeld;
			sourceTree = "<group>";
			versionGroupType = wrapper.xcdatamodel;
		};
/* End XCVersionGroup section */
	};
	rootObject = 04F045CB1B5EA05F00A6AAA8 /* Project object */;
}
